
Microsoft Visual Studio Solution File, Format Version 12.00
# Visual Studio Version 17
VisualStudioVersion = 17.0.32112.339
MinimumVisualStudioVersion = 10.0.40219.1
Project("{2150E333-8FDC-42A3-9474-1A3956D46DE8}") = "AzureFunctions", "AzureFunctions", "{788EB15A-9169-4487-9D28-EC5DD69B1BF1}"
EndProject
Project("{9A19103F-16F7-4668-BE54-9A1E7A4F7556}") = "Books_Function", "AzureFunctions\Books.Function\Books_Function.csproj", "{5DE9E2C7-1913-4357-836A-7CB89D4D15CD}"
EndProject
Project("{2150E333-8FDC-42A3-9474-1A3956D46DE8}") = "Common", "Common", "{83084359-34A1-45E7-AF97-E200ED424A53}"
EndProject
Project("{9A19103F-16F7-4668-BE54-9A1E7A4F7556}") = "Books.Data", "Common\Books.Data\Books.Data.csproj", "{634D2F78-11B7-4C55-8F47-FDD7976B844D}"
EndProject
Project("{9A19103F-16F7-4668-BE54-9A1E7A4F7556}") = "Books.Shared", "Common\Books.Shared\Books.Shared.csproj", "{D3665B18-53C2-4765-BF3E-7184FE2130D7}"
EndProject
Project("{9A19103F-16F7-4668-BE54-9A1E7A4F7556}") = "BooksApi", "Common\BooksApi\BooksApi.csproj", "{9B67362A-BFA3-4296-B0D6-71391EEC7DD1}"
EndProject
Project("{2150E333-8FDC-42A3-9474-1A3956D46DE8}") = "GRPC", "GRPC", "{2846D0CA-8BC2-4812-922E-7BEF414DC9AD}"
EndProject
Project("{9A19103F-16F7-4668-BE54-9A1E7A4F7556}") = "GRPC.BooksClient", "GRPC\GRPC.BooksClient\GRPC.BooksClient.csproj", "{5C10ABB1-798A-4FE0-A4FE-E0F68A64A81A}"
EndProject
Project("{9A19103F-16F7-4668-BE54-9A1E7A4F7556}") = "GRPC.SensorClient", "GRPC\GRPC.SensorClient\GRPC.SensorClient.csproj", "{175DDEB7-BB46-4B02-B618-1F257DD3C0D0}"
EndProject
Project("{9A19103F-16F7-4668-BE54-9A1E7A4F7556}") = "GRPCService", "GRPC\GRPCService\GRPCService.csproj", "{3BBA4016-9EA7-4694-B357-7FE5E3964F75}"
EndProject
Project("{2150E333-8FDC-42A3-9474-1A3956D46DE8}") = "BooksData", "BooksData", "{AEE3696B-B93D-42AE-840F-3C3A204A1715}"
EndProject
Project("{9A19103F-16F7-4668-BE54-9A1E7A4F7556}") = "Books.Initializer", "BooksData\Books.Initializer\Books.Initializer.csproj", "{36321F9A-E856-4919-949E-F1BAAECC8196}"
EndProject
Project("{9A19103F-16F7-4668-BE54-9A1E7A4F7556}") = "BookServiceClient", "BooksData\BookServiceClient\BookServiceClient.csproj", "{7DC02DBC-A715-4A02-9DB1-C99DDAECC3CF}"
EndProject
Project("{2150E333-8FDC-42A3-9474-1A3956D46DE8}") = "BooksDataAndAuthentication", "BooksDataAndAuthentication", "{A3F2C714-C04F-42ED-BA2B-FB77D4687A76}"
EndProject
Project("{9A19103F-16F7-4668-BE54-9A1E7A4F7556}") = "Books.Initializer", "BooksDataAndAuthentication\Books.Initializer\Books.Initializer.csproj", "{13E9D4AB-1A40-4357-876F-B699ED905FAE}"
EndProject
Project("{9A19103F-16F7-4668-BE54-9A1E7A4F7556}") = "BookServiceClient", "BooksDataAndAuthentication\BookServiceClient\BookServiceClient.csproj", "{B902FE12-9024-43DF-A91C-C93BD2BFB4B3}"
EndProject
Global
	GlobalSection(SolutionConfigurationPlatforms) = preSolution
		Debug|Any CPU = Debug|Any CPU
		Release|Any CPU = Release|Any CPU
	EndGlobalSection
	GlobalSection(ProjectConfigurationPlatforms) = postSolution
		{5DE9E2C7-1913-4357-836A-7CB89D4D15CD}.Debug|Any CPU.ActiveCfg = Debug|Any CPU
		{5DE9E2C7-1913-4357-836A-7CB89D4D15CD}.Debug|Any CPU.Build.0 = Debug|Any CPU
		{5DE9E2C7-1913-4357-836A-7CB89D4D15CD}.Release|Any CPU.ActiveCfg = Release|Any CPU
		{5DE9E2C7-1913-4357-836A-7CB89D4D15CD}.Release|Any CPU.Build.0 = Release|Any CPU
		{634D2F78-11B7-4C55-8F47-FDD7976B844D}.Debug|Any CPU.ActiveCfg = Debug|Any CPU
		{634D2F78-11B7-4C55-8F47-FDD7976B844D}.Debug|Any CPU.Build.0 = Debug|Any CPU
		{634D2F78-11B7-4C55-8F47-FDD7976B844D}.Release|Any CPU.ActiveCfg = Release|Any CPU
		{634D2F78-11B7-4C55-8F47-FDD7976B844D}.Release|Any CPU.Build.0 = Release|Any CPU
		{D3665B18-53C2-4765-BF3E-7184FE2130D7}.Debug|Any CPU.ActiveCfg = Debug|Any CPU
		{D3665B18-53C2-4765-BF3E-7184FE2130D7}.Debug|Any CPU.Build.0 = Debug|Any CPU
		{D3665B18-53C2-4765-BF3E-7184FE2130D7}.Release|Any CPU.ActiveCfg = Release|Any CPU
		{D3665B18-53C2-4765-BF3E-7184FE2130D7}.Release|Any CPU.Build.0 = Release|Any CPU
		{9B67362A-BFA3-4296-B0D6-71391EEC7DD1}.Debug|Any CPU.ActiveCfg = Debug|Any CPU
		{9B67362A-BFA3-4296-B0D6-71391EEC7DD1}.Debug|Any CPU.Build.0 = Debug|Any CPU
		{9B67362A-BFA3-4296-B0D6-71391EEC7DD1}.Release|Any CPU.ActiveCfg = Release|Any CPU
		{9B67362A-BFA3-4296-B0D6-71391EEC7DD1}.Release|Any CPU.Build.0 = Release|Any CPU
		{5C10ABB1-798A-4FE0-A4FE-E0F68A64A81A}.Debug|Any CPU.ActiveCfg = Debug|Any CPU
		{5C10ABB1-798A-4FE0-A4FE-E0F68A64A81A}.Debug|Any CPU.Build.0 = Debug|Any CPU
		{5C10ABB1-798A-4FE0-A4FE-E0F68A64A81A}.Release|Any CPU.ActiveCfg = Release|Any CPU
		{5C10ABB1-798A-4FE0-A4FE-E0F68A64A81A}.Release|Any CPU.Build.0 = Release|Any CPU
		{175DDEB7-BB46-4B02-B618-1F257DD3C0D0}.Debug|Any CPU.ActiveCfg = Debug|Any CPU
		{175DDEB7-BB46-4B02-B618-1F257DD3C0D0}.Debug|Any CPU.Build.0 = Debug|Any CPU
		{175DDEB7-BB46-4B02-B618-1F257DD3C0D0}.Release|Any CPU.ActiveCfg = Release|Any CPU
		{175DDEB7-BB46-4B02-B618-1F257DD3C0D0}.Release|Any CPU.Build.0 = Release|Any CPU
		{3BBA4016-9EA7-4694-B357-7FE5E3964F75}.Debug|Any CPU.ActiveCfg = Debug|Any CPU
		{3BBA4016-9EA7-4694-B357-7FE5E3964F75}.Debug|Any CPU.Build.0 = Debug|Any CPU
		{3BBA4016-9EA7-4694-B357-7FE5E3964F75}.Release|Any CPU.ActiveCfg = Release|Any CPU
		{3BBA4016-9EA7-4694-B357-7FE5E3964F75}.Release|Any CPU.Build.0 = Release|Any CPU
		{36321F9A-E856-4919-949E-F1BAAECC8196}.Debug|Any CPU.ActiveCfg = Debug|Any CPU
		{36321F9A-E856-4919-949E-F1BAAECC8196}.Debug|Any CPU.Build.0 = Debug|Any CPU
		{36321F9A-E856-4919-949E-F1BAAECC8196}.Release|Any CPU.ActiveCfg = Release|Any CPU
		{36321F9A-E856-4919-949E-F1BAAECC8196}.Release|Any CPU.Build.0 = Release|Any CPU
		{7DC02DBC-A715-4A02-9DB1-C99DDAECC3CF}.Debug|Any CPU.ActiveCfg = Debug|Any CPU
		{7DC02DBC-A715-4A02-9DB1-C99DDAECC3CF}.Debug|Any CPU.Build.0 = Debug|Any CPU
		{7DC02DBC-A715-4A02-9DB1-C99DDAECC3CF}.Release|Any CPU.ActiveCfg = Release|Any CPU
		{7DC02DBC-A715-4A02-9DB1-C99DDAECC3CF}.Release|Any CPU.Build.0 = Release|Any CPU
		{13E9D4AB-1A40-4357-876F-B699ED905FAE}.Debug|Any CPU.ActiveCfg = Debug|Any CPU
		{13E9D4AB-1A40-4357-876F-B699ED905FAE}.Debug|Any CPU.Build.0 = Debug|Any CPU
		{13E9D4AB-1A40-4357-876F-B699ED905FAE}.Release|Any CPU.ActiveCfg = Release|Any CPU
		{13E9D4AB-1A40-4357-876F-B699ED905FAE}.Release|Any CPU.Build.0 = Release|Any CPU
		{B902FE12-9024-43DF-A91C-C93BD2BFB4B3}.Debug|Any CPU.ActiveCfg = Debug|Any CPU
		{B902FE12-9024-43DF-A91C-C93BD2BFB4B3}.Debug|Any CPU.Build.0 = Debug|Any CPU
		{B902FE12-9024-43DF-A91C-C93BD2BFB4B3}.Release|Any CPU.ActiveCfg = Release|Any CPU
		{B902FE12-9024-43DF-A91C-C93BD2BFB4B3}.Release|Any CPU.Build.0 = Release|Any CPU
	EndGlobalSection
	GlobalSection(SolutionProperties) = preSolution
		HideSolutionNode = FALSE
	EndGlobalSection
	GlobalSection(NestedProjects) = preSolution
		{5DE9E2C7-1913-4357-836A-7CB89D4D15CD} = {788EB15A-9169-4487-9D28-EC5DD69B1BF1}
		{634D2F78-11B7-4C55-8F47-FDD7976B844D} = {83084359-34A1-45E7-AF97-E200ED424A53}
		{D3665B18-53C2-4765-BF3E-7184FE2130D7} = {83084359-34A1-45E7-AF97-E200ED424A53}
		{9B67362A-BFA3-4296-B0D6-71391EEC7DD1} = {83084359-34A1-45E7-AF97-E200ED424A53}
		{5C10ABB1-798A-4FE0-A4FE-E0F68A64A81A} = {2846D0CA-8BC2-4812-922E-7BEF414DC9AD}
		{175DDEB7-BB46-4B02-B618-1F257DD3C0D0} = {2846D0CA-8BC2-4812-922E-7BEF414DC9AD}
		{3BBA4016-9EA7-4694-B357-7FE5E3964F75} = {2846D0CA-8BC2-4812-922E-7BEF414DC9AD}
		{36321F9A-E856-4919-949E-F1BAAECC8196} = {AEE3696B-B93D-42AE-840F-3C3A204A1715}
		{7DC02DBC-A715-4A02-9DB1-C99DDAECC3CF} = {AEE3696B-B93D-42AE-840F-3C3A204A1715}
		{13E9D4AB-1A40-4357-876F-B699ED905FAE} = {A3F2C714-C04F-42ED-BA2B-FB77D4687A76}
		{B902FE12-9024-43DF-A91C-C93BD2BFB4B3} = {A3F2C714-C04F-42ED-BA2B-FB77D4687A76}
	EndGlobalSection
	GlobalSection(ExtensibilityGlobals) = postSolution
		SolutionGuid = {3E76C7CB-30AA-405C-8D30-58C56AADCB70}
	EndGlobalSection
EndGlobal
